
Microsoft Visual Studio Solution File, Format Version 12.00
# Visual Studio 15
VisualStudioVersion = 15.0.27130.2036
MinimumVisualStudioVersion = 10.0.40219.1
Project("{8BC9CEB8-8B4A-11D0-8D11-00A0C91BC942}") = "Reversi", "Reversi\Reversi.vcxproj", "{9A7C1C24-2840-4E80-9565-397C82794ADA}"
EndProject
Global
	GlobalSection(SolutionConfigurationPlatforms) = preSolution
		Debug|x64 = Debug|x64
		Debug|x86 = Debug|x86
		Release|x64 = Release|x64
		Release|x86 = Release|x86
	EndGlobalSection
	GlobalSection(ProjectConfigurationPlatforms) = postSolution
		{9A7C1C24-2840-4E80-9565-397C82794ADA}.Debug|x64.ActiveCfg = Debug|x64
		{9A7C1C24-2840-4E80-9565-397C82794ADA}.Debug|x64.Build.0 = Debug|x64
		{9A7C1C24-2840-4E80-9565-397C82794ADA}.Debug|x86.ActiveCfg = Debug|Win32
		{9A7C1C24-2840-4E80-9565-397C82794ADA}.Debug|x86.Build.0 = Debug|Win32
		{9A7C1C24-2840-4E80-9565-397C82794ADA}.Release|x64.ActiveCfg = Release|x64
		{9A7C1C24-2840-4E80-9565-397C82794ADA}.Release|x64.Build.0 = Release|x64
		{9A7C1C24-2840-4E80-9565-397C82794ADA}.Release|x86.ActiveCfg = Release|Win32
		{9A7C1C24-2840-4E80-9565-397C82794ADA}.Release|x86.Build.0 = Release|Win32
	EndGlobalSection
	GlobalSection(SolutionProperties) = preSolution
		HideSolutionNode = FALSE
	EndGlobalSection
	GlobalSection(ExtensibilityGlobals) = postSolution
		SolutionGuid = {F75B82C5-FDC9-43D6-93A1-C2077314A14D}
	EndGlobalSection
EndGlobal
